
Microsoft Visual Studio Solution File, Format Version 12.00
# Visual Studio Version 17
VisualStudioVersion = 17.7.34024.191
MinimumVisualStudioVersion = 10.0.40219.1
Project("{2150E333-8FDC-42A3-9474-1A3956D46DE8}") = "Task0", "Task0", "{CAD4BDAD-ACED-406A-883E-99EE15951875}"
EndProject
Project("{FAE04EC0-301F-11D3-BF4B-00C04F79EFBC}") = "Tyuiu.PomazDS.Sprint1.Task0.V12", "Tyuiu.PomazDS.Sprint1.Task0.V12\Tyuiu.PomazDS.Sprint1.Task0.V12.csproj", "{AEDD7A66-AA1F-4FD1-AC2B-986677C7D579}"
EndProject
Project("{FAE04EC0-301F-11D3-BF4B-00C04F79EFBC}") = "Tyuiu.PomazDS.Sprint1.Task0.V12.Lib", "Tyuiu.PomazDS.Sprint1.Task0.V12.Lib\Tyuiu.PomazDS.Sprint1.Task0.V12.Lib.csproj", "{1AE3451A-BC4C-4D51-8AC4-5636FC412213}"
EndProject
Project("{FAE04EC0-301F-11D3-BF4B-00C04F79EFBC}") = "Tyuiu.PomazDS.Sprint1.Task0.V12.Test", "Tyuiu.PomazDS.Sprint1.Task0.V12.Test\Tyuiu.PomazDS.Sprint1.Task0.V12.Test.csproj", "{ADAE6448-8B42-4D56-9FCF-57D306451C15}"
EndProject
Project("{2150E333-8FDC-42A3-9474-1A3956D46DE8}") = "Task1", "Task1", "{F3DB9CAC-332A-4BEB-A5DA-18A1239DB9BB}"
EndProject
Project("{FAE04EC0-301F-11D3-BF4B-00C04F79EFBC}") = "Tyuiu.PomazDS.Sprint1.Task1.V27", "Tyuiu.PomazDS.Sprint1.Task1.V27\Tyuiu.PomazDS.Sprint1.Task1.V27.csproj", "{C5CE4A80-C44D-4CD3-8489-C55D2333FFA6}"
EndProject
Project("{FAE04EC0-301F-11D3-BF4B-00C04F79EFBC}") = "Tyuiu.PomazDS.Sprint1.Task1.V27.Lib", "Tyuiu.PomazDS.Sprint1.Task1.V27.Lib\Tyuiu.PomazDS.Sprint1.Task1.V27.Lib.csproj", "{9E66B75F-9DEC-479E-9B5C-6D49CF998F61}"
EndProject
Project("{FAE04EC0-301F-11D3-BF4B-00C04F79EFBC}") = "Tyuiu.PomazDS.Sprint1.Task1.V27.Test", "Tyuiu.PomazDS.Sprint1.Task1.V27.Test\Tyuiu.PomazDS.Sprint1.Task1.V27.Test.csproj", "{DF008EBD-A61D-4AB2-8E89-EB5365A8E93E}"
EndProject
Project("{2150E333-8FDC-42A3-9474-1A3956D46DE8}") = "Task2", "Task2", "{870C57CD-C436-4FA9-99D2-6E5E747ECEE7}"
EndProject
Project("{FAE04EC0-301F-11D3-BF4B-00C04F79EFBC}") = "Tyuiu.PomazDS.Sprint1.Task2.V14", "Tyuiu.PomazDS.Sprint1.Task2.V14\Tyuiu.PomazDS.Sprint1.Task2.V14.csproj", "{9E83F18A-A699-4351-A937-0F6B3E6333B4}"
EndProject
Project("{FAE04EC0-301F-11D3-BF4B-00C04F79EFBC}") = "Tyuiu.PomazDS.Sprint1.Task2.V14.Lib", "Tyuiu.PomazDS.Sprint1.Task2.V14.Lib\Tyuiu.PomazDS.Sprint1.Task2.V14.Lib.csproj", "{B2A4FA5B-AC37-4085-8119-CC5B86EF6D34}"
EndProject
Project("{FAE04EC0-301F-11D3-BF4B-00C04F79EFBC}") = "Tyuiu.PomazDS.Sprint1.Task2.V14.Test", "Tyuiu.PomazDS.Sprint1.Task2.V14.Test\Tyuiu.PomazDS.Sprint1.Task2.V14.Test.csproj", "{2098F2F4-2F3A-4D05-99E4-44E9DB89A3D1}"
EndProject
Project("{2150E333-8FDC-42A3-9474-1A3956D46DE8}") = "Task3", "Task3", "{EADEA29E-DAB2-4412-AB3F-A7D6AFEF6A98}"
EndProject
Project("{FAE04EC0-301F-11D3-BF4B-00C04F79EFBC}") = "Tyuiu.PomazDS.Sprint1.Task3.V1", "Tyuiu.PomazDS.Sprint1.Task3.V1\Tyuiu.PomazDS.Sprint1.Task3.V1.csproj", "{D0AD245A-8CB4-43F7-ADCC-E16A3501AC2F}"
EndProject
Project("{FAE04EC0-301F-11D3-BF4B-00C04F79EFBC}") = "Tyuiu.PomazDS.Sprint1.Task3.V1.Lib", "Tyuiu.PomazDS.Sprint1.Task3.V1.Lib\Tyuiu.PomazDS.Sprint1.Task3.V1.Lib.csproj", "{AE5E4586-AC18-43C8-93F9-47ACD1B5111A}"
EndProject
Project("{FAE04EC0-301F-11D3-BF4B-00C04F79EFBC}") = "Tyuiu.PomazDS.Sprint1.Task3.V1.Test", "Tyuiu.PomazDS.Sprint1.Task3.V1.Test\Tyuiu.PomazDS.Sprint1.Task3.V1.Test.csproj", "{B4AED036-A365-412B-88BA-1AA2BB7DA747}"
EndProject
Global
	GlobalSection(SolutionConfigurationPlatforms) = preSolution
		Debug|Any CPU = Debug|Any CPU
		Release|Any CPU = Release|Any CPU
	EndGlobalSection
	GlobalSection(ProjectConfigurationPlatforms) = postSolution
		{AEDD7A66-AA1F-4FD1-AC2B-986677C7D579}.Debug|Any CPU.ActiveCfg = Debug|Any CPU
		{AEDD7A66-AA1F-4FD1-AC2B-986677C7D579}.Debug|Any CPU.Build.0 = Debug|Any CPU
		{AEDD7A66-AA1F-4FD1-AC2B-986677C7D579}.Release|Any CPU.ActiveCfg = Release|Any CPU
		{AEDD7A66-AA1F-4FD1-AC2B-986677C7D579}.Release|Any CPU.Build.0 = Release|Any CPU
		{1AE3451A-BC4C-4D51-8AC4-5636FC412213}.Debug|Any CPU.ActiveCfg = Debug|Any CPU
		{1AE3451A-BC4C-4D51-8AC4-5636FC412213}.Debug|Any CPU.Build.0 = Debug|Any CPU
		{1AE3451A-BC4C-4D51-8AC4-5636FC412213}.Release|Any CPU.ActiveCfg = Release|Any CPU
		{1AE3451A-BC4C-4D51-8AC4-5636FC412213}.Release|Any CPU.Build.0 = Release|Any CPU
		{ADAE6448-8B42-4D56-9FCF-57D306451C15}.Debug|Any CPU.ActiveCfg = Debug|Any CPU
		{ADAE6448-8B42-4D56-9FCF-57D306451C15}.Debug|Any CPU.Build.0 = Debug|Any CPU
		{ADAE6448-8B42-4D56-9FCF-57D306451C15}.Release|Any CPU.ActiveCfg = Release|Any CPU
		{ADAE6448-8B42-4D56-9FCF-57D306451C15}.Release|Any CPU.Build.0 = Release|Any CPU
		{C5CE4A80-C44D-4CD3-8489-C55D2333FFA6}.Debug|Any CPU.ActiveCfg = Debug|Any CPU
		{C5CE4A80-C44D-4CD3-8489-C55D2333FFA6}.Debug|Any CPU.Build.0 = Debug|Any CPU
		{C5CE4A80-C44D-4CD3-8489-C55D2333FFA6}.Release|Any CPU.ActiveCfg = Release|Any CPU
		{C5CE4A80-C44D-4CD3-8489-C55D2333FFA6}.Release|Any CPU.Build.0 = Release|Any CPU
		{9E66B75F-9DEC-479E-9B5C-6D49CF998F61}.Debug|Any CPU.ActiveCfg = Debug|Any CPU
		{9E66B75F-9DEC-479E-9B5C-6D49CF998F61}.Debug|Any CPU.Build.0 = Debug|Any CPU
		{9E66B75F-9DEC-479E-9B5C-6D49CF998F61}.Release|Any CPU.ActiveCfg = Release|Any CPU
		{9E66B75F-9DEC-479E-9B5C-6D49CF998F61}.Release|Any CPU.Build.0 = Release|Any CPU
		{DF008EBD-A61D-4AB2-8E89-EB5365A8E93E}.Debug|Any CPU.ActiveCfg = Debug|Any CPU
		{DF008EBD-A61D-4AB2-8E89-EB5365A8E93E}.Debug|Any CPU.Build.0 = Debug|Any CPU
		{DF008EBD-A61D-4AB2-8E89-EB5365A8E93E}.Release|Any CPU.ActiveCfg = Release|Any CPU
		{DF008EBD-A61D-4AB2-8E89-EB5365A8E93E}.Release|Any CPU.Build.0 = Release|Any CPU
		{9E83F18A-A699-4351-A937-0F6B3E6333B4}.Debug|Any CPU.ActiveCfg = Debug|Any CPU
		{9E83F18A-A699-4351-A937-0F6B3E6333B4}.Debug|Any CPU.Build.0 = Debug|Any CPU
		{9E83F18A-A699-4351-A937-0F6B3E6333B4}.Release|Any CPU.ActiveCfg = Release|Any CPU
		{9E83F18A-A699-4351-A937-0F6B3E6333B4}.Release|Any CPU.Build.0 = Release|Any CPU
		{B2A4FA5B-AC37-4085-8119-CC5B86EF6D34}.Debug|Any CPU.ActiveCfg = Debug|Any CPU
		{B2A4FA5B-AC37-4085-8119-CC5B86EF6D34}.Debug|Any CPU.Build.0 = Debug|Any CPU
		{B2A4FA5B-AC37-4085-8119-CC5B86EF6D34}.Release|Any CPU.ActiveCfg = Release|Any CPU
		{B2A4FA5B-AC37-4085-8119-CC5B86EF6D34}.Release|Any CPU.Build.0 = Release|Any CPU
		{2098F2F4-2F3A-4D05-99E4-44E9DB89A3D1}.Debug|Any CPU.ActiveCfg = Debug|Any CPU
		{2098F2F4-2F3A-4D05-99E4-44E9DB89A3D1}.Debug|Any CPU.Build.0 = Debug|Any CPU
		{2098F2F4-2F3A-4D05-99E4-44E9DB89A3D1}.Release|Any CPU.ActiveCfg = Release|Any CPU
		{2098F2F4-2F3A-4D05-99E4-44E9DB89A3D1}.Release|Any CPU.Build.0 = Release|Any CPU
		{D0AD245A-8CB4-43F7-ADCC-E16A3501AC2F}.Debug|Any CPU.ActiveCfg = Debug|Any CPU
		{D0AD245A-8CB4-43F7-ADCC-E16A3501AC2F}.Debug|Any CPU.Build.0 = Debug|Any CPU
		{D0AD245A-8CB4-43F7-ADCC-E16A3501AC2F}.Release|Any CPU.ActiveCfg = Release|Any CPU
		{D0AD245A-8CB4-43F7-ADCC-E16A3501AC2F}.Release|Any CPU.Build.0 = Release|Any CPU
		{AE5E4586-AC18-43C8-93F9-47ACD1B5111A}.Debug|Any CPU.ActiveCfg = Debug|Any CPU
		{AE5E4586-AC18-43C8-93F9-47ACD1B5111A}.Debug|Any CPU.Build.0 = Debug|Any CPU
		{AE5E4586-AC18-43C8-93F9-47ACD1B5111A}.Release|Any CPU.ActiveCfg = Release|Any CPU
		{AE5E4586-AC18-43C8-93F9-47ACD1B5111A}.Release|Any CPU.Build.0 = Release|Any CPU
		{B4AED036-A365-412B-88BA-1AA2BB7DA747}.Debug|Any CPU.ActiveCfg = Debug|Any CPU
		{B4AED036-A365-412B-88BA-1AA2BB7DA747}.Debug|Any CPU.Build.0 = Debug|Any CPU
		{B4AED036-A365-412B-88BA-1AA2BB7DA747}.Release|Any CPU.ActiveCfg = Release|Any CPU
		{B4AED036-A365-412B-88BA-1AA2BB7DA747}.Release|Any CPU.Build.0 = Release|Any CPU
	EndGlobalSection
	GlobalSection(SolutionProperties) = preSolution
		HideSolutionNode = FALSE
	EndGlobalSection
	GlobalSection(NestedProjects) = preSolution
		{AEDD7A66-AA1F-4FD1-AC2B-986677C7D579} = {CAD4BDAD-ACED-406A-883E-99EE15951875}
		{1AE3451A-BC4C-4D51-8AC4-5636FC412213} = {CAD4BDAD-ACED-406A-883E-99EE15951875}
		{ADAE6448-8B42-4D56-9FCF-57D306451C15} = {CAD4BDAD-ACED-406A-883E-99EE15951875}
		{C5CE4A80-C44D-4CD3-8489-C55D2333FFA6} = {F3DB9CAC-332A-4BEB-A5DA-18A1239DB9BB}
		{9E66B75F-9DEC-479E-9B5C-6D49CF998F61} = {F3DB9CAC-332A-4BEB-A5DA-18A1239DB9BB}
		{DF008EBD-A61D-4AB2-8E89-EB5365A8E93E} = {F3DB9CAC-332A-4BEB-A5DA-18A1239DB9BB}
		{9E83F18A-A699-4351-A937-0F6B3E6333B4} = {870C57CD-C436-4FA9-99D2-6E5E747ECEE7}
		{B2A4FA5B-AC37-4085-8119-CC5B86EF6D34} = {870C57CD-C436-4FA9-99D2-6E5E747ECEE7}
		{2098F2F4-2F3A-4D05-99E4-44E9DB89A3D1} = {870C57CD-C436-4FA9-99D2-6E5E747ECEE7}
		{D0AD245A-8CB4-43F7-ADCC-E16A3501AC2F} = {EADEA29E-DAB2-4412-AB3F-A7D6AFEF6A98}
		{AE5E4586-AC18-43C8-93F9-47ACD1B5111A} = {EADEA29E-DAB2-4412-AB3F-A7D6AFEF6A98}
		{B4AED036-A365-412B-88BA-1AA2BB7DA747} = {EADEA29E-DAB2-4412-AB3F-A7D6AFEF6A98}
	EndGlobalSection
	GlobalSection(ExtensibilityGlobals) = postSolution
		SolutionGuid = {0CCCEBDC-6AB1-4FBA-8702-4306300C55A6}
	EndGlobalSection
EndGlobal
